
Microsoft Visual Studio Solution File, Format Version 12.00
# Visual Studio Version 17
VisualStudioVersion = 17.0.31903.59
MinimumVisualStudioVersion = 10.0.40219.1
Project("{FAE04EC0-301F-11D3-BF4B-00C04F79EFBC}") = "efconnectortests.mysql", "efconnectortests.mysql\efconnectortests.mysql.csproj", "{6DA29499-3E6A-48DC-913D-17DB76DDA1DF}"
EndProject
Project("{FAE04EC0-301F-11D3-BF4B-00C04F79EFBC}") = "efconnectortests.postgresql", "efconnectortests.postgresql\efconnectortests.postgresql.csproj", "{DC782179-2F4B-4DC2-B9DE-C0672E4B48AF}"
EndProject
Project("{FAE04EC0-301F-11D3-BF4B-00C04F79EFBC}") = "efconnectortests.pomelo", "efconnectortests.pomelo\efconnectortests.pomelo.csproj", "{89965074-514D-426E-A938-A604467CE483}"
EndProject
Global
	GlobalSection(SolutionConfigurationPlatforms) = preSolution
		Debug|Any CPU = Debug|Any CPU
		Release|Any CPU = Release|Any CPU
	EndGlobalSection
	GlobalSection(SolutionProperties) = preSolution
		HideSolutionNode = FALSE
	EndGlobalSection
	GlobalSection(ProjectConfigurationPlatforms) = postSolution
		{6DA29499-3E6A-48DC-913D-17DB76DDA1DF}.Debug|Any CPU.ActiveCfg = Debug|Any CPU
		{6DA29499-3E6A-48DC-913D-17DB76DDA1DF}.Debug|Any CPU.Build.0 = Debug|Any CPU
		{6DA29499-3E6A-48DC-913D-17DB76DDA1DF}.Release|Any CPU.ActiveCfg = Release|Any CPU
		{6DA29499-3E6A-48DC-913D-17DB76DDA1DF}.Release|Any CPU.Build.0 = Release|Any CPU
		{DC782179-2F4B-4DC2-B9DE-C0672E4B48AF}.Debug|Any CPU.ActiveCfg = Debug|Any CPU
		{DC782179-2F4B-4DC2-B9DE-C0672E4B48AF}.Debug|Any CPU.Build.0 = Debug|Any CPU
		{DC782179-2F4B-4DC2-B9DE-C0672E4B48AF}.Release|Any CPU.ActiveCfg = Release|Any CPU
		{DC782179-2F4B-4DC2-B9DE-C0672E4B48AF}.Release|Any CPU.Build.0 = Release|Any CPU
		{89965074-514D-426E-A938-A604467CE483}.Debug|Any CPU.ActiveCfg = Debug|Any CPU
		{89965074-514D-426E-A938-A604467CE483}.Debug|Any CPU.Build.0 = Debug|Any CPU
		{89965074-514D-426E-A938-A604467CE483}.Release|Any CPU.ActiveCfg = Release|Any CPU
		{89965074-514D-426E-A938-A604467CE483}.Release|Any CPU.Build.0 = Release|Any CPU
	EndGlobalSection
EndGlobal
